
Microsoft Visual Studio Solution File, Format Version 12.00
# Visual Studio Version 16
VisualStudioVersion = 16.0.31613.86
MinimumVisualStudioVersion = 10.0.40219.1
Project("{9A19103F-16F7-4668-BE54-9A1E7A4F7556}") = "PRSLibrary", "PRSLibrary\PRSLibrary.csproj", "{2B4F2960-475A-421B-823B-90F26299B5FA}"
EndProject
Project("{9A19103F-16F7-4668-BE54-9A1E7A4F7556}") = "TestPrsLibrary", "TestPrsLibrary\TestPrsLibrary.csproj", "{3926A21F-C7A3-44F8-8401-0C6AF14571B2}"
EndProject
Global
	GlobalSection(SolutionConfigurationPlatforms) = preSolution
		Debug|Any CPU = Debug|Any CPU
		Release|Any CPU = Release|Any CPU
	EndGlobalSection
	GlobalSection(ProjectConfigurationPlatforms) = postSolution
		{2B4F2960-475A-421B-823B-90F26299B5FA}.Debug|Any CPU.ActiveCfg = Debug|Any CPU
		{2B4F2960-475A-421B-823B-90F26299B5FA}.Debug|Any CPU.Build.0 = Debug|Any CPU
		{2B4F2960-475A-421B-823B-90F26299B5FA}.Release|Any CPU.ActiveCfg = Release|Any CPU
		{2B4F2960-475A-421B-823B-90F26299B5FA}.Release|Any CPU.Build.0 = Release|Any CPU
		{3926A21F-C7A3-44F8-8401-0C6AF14571B2}.Debug|Any CPU.ActiveCfg = Debug|Any CPU
		{3926A21F-C7A3-44F8-8401-0C6AF14571B2}.Debug|Any CPU.Build.0 = Debug|Any CPU
		{3926A21F-C7A3-44F8-8401-0C6AF14571B2}.Release|Any CPU.ActiveCfg = Release|Any CPU
		{3926A21F-C7A3-44F8-8401-0C6AF14571B2}.Release|Any CPU.Build.0 = Release|Any CPU
	EndGlobalSection
	GlobalSection(SolutionProperties) = preSolution
		HideSolutionNode = FALSE
	EndGlobalSection
	GlobalSection(ExtensibilityGlobals) = postSolution
		SolutionGuid = {F8EA7DA5-30C6-460D-B235-CA95F6790F59}
	EndGlobalSection
EndGlobal
